lockfileVersion: '9.0'

settings:
  autoInstallPeers: true
  excludeLinksFromLockfile: false

importers:

  .:
    devDependencies:
      '@electric-sql/pglite':
        specifier: 0.4.5
        version: 0.4.5
      prettier:
        specifier: 3.6.2
        version: 3.6.2

packages:

  '@electric-sql/pglite@0.4.5':
    resolution: {integrity: sha512-aGG2zGEyZzGWKy8P+9ZoNUV0jxt1+hgbeTf+bVAYyxVZZLXg3/9aFlfLxb08AYZVAfAkQlQIysmWjhc5hwDG8g==}

  prettier@3.6.2:
    resolution: {integrity: sha512-I7AIg5boAr5R0FFtJ6rCfD+LFsWHp81dolrFD8S79U9tb8Az2nGrJncnMSnys+bpQJfRUzqs9hnA81OAA3hCuQ==}
    engines: {node: '>=14'}
    hasBin: true

snapshots:

  '@electric-sql/pglite@0.4.5': {}

  prettier@3.6.2: {}
